
Microsoft Visual Studio Solution File, Format Version 12.00
# Visual Studio Version 17
VisualStudioVersion = 17.9.34607.119
MinimumVisualStudioVersion = 10.0.40219.1
Project("{FAE04EC0-301F-11D3-BF4B-00C04F79EFBC}") = "UserManager.Application", "UserManager.Application\UserManager.Application.csproj", "{2ABBB7BC-1FF3-4E7D-B48F-06B4DBEFEF6B}"
EndProject
Global
	GlobalSection(SolutionConfigurationPlatforms) = preSolution
		Debug|Any CPU = Debug|Any CPU
		Release|Any CPU = Release|Any CPU
	EndGlobalSection
	GlobalSection(ProjectConfigurationPlatforms) = postSolution
		{2ABBB7BC-1FF3-4E7D-B48F-06B4DBEFEF6B}.Debug|Any CPU.ActiveCfg = Debug|Any CPU
		{2ABBB7BC-1FF3-4E7D-B48F-06B4DBEFEF6B}.Debug|Any CPU.Build.0 = Debug|Any CPU
		{2ABBB7BC-1FF3-4E7D-B48F-06B4DBEFEF6B}.Release|Any CPU.ActiveCfg = Release|Any CPU
		{2ABBB7BC-1FF3-4E7D-B48F-06B4DBEFEF6B}.Release|Any CPU.Build.0 = Release|Any CPU
	EndGlobalSection
	GlobalSection(SolutionProperties) = preSolution
		HideSolutionNode = FALSE
	EndGlobalSection
	GlobalSection(ExtensibilityGlobals) = postSolution
		SolutionGuid = {2328E2CF-8EE2-4BE1-A4EC-FECFBCB7B444}
	EndGlobalSection
EndGlobal
